// !$*UTF8*$!
{
	archiveVersion = 1;
	classes = {
	};
	objectVersion = 56;
	objects = {

/* Begin PBXBuildFile section */
		851C5D5A2ADE37010081925C /* SHSettingsViewViewModel.swift in Sources */ = {isa = PBXBuildFile; fileRef = 851C5D592ADE37010081925C /* SHSettingsViewViewModel.swift */; };
		851C5D5C2ADE38430081925C /* SHSettingsCellViewModel.swift in Sources */ = {isa = PBXBuildFile; fileRef = 851C5D5B2ADE38430081925C /* SHSettingsCellViewModel.swift */; };
		851C5D5E2ADE38FB0081925C /* SHSettingsOption.swift in Sources */ = {isa = PBXBuildFile; fileRef = 851C5D5D2ADE38FB0081925C /* SHSettingsOption.swift */; };
		851C5D612ADE41300081925C /* SHSettingsView.swift in Sources */ = {isa = PBXBuildFile; fileRef = 851C5D602ADE41300081925C /* SHSettingsView.swift */; };
		851C5D642AE52C1C0081925C /* SHLocationView.swift in Sources */ = {isa = PBXBuildFile; fileRef = 851C5D632AE52C1C0081925C /* SHLocationView.swift */; };
		851C5D672AE5304A0081925C /* SHLocationViewViewModel.swift in Sources */ = {isa = PBXBuildFile; fileRef = 851C5D662AE5304A0081925C /* SHLocationViewViewModel.swift */; };
		851C5D692AE533650081925C /* SHGetAllLocationsResponse.swift in Sources */ = {isa = PBXBuildFile; fileRef = 851C5D682AE533650081925C /* SHGetAllLocationsResponse.swift */; };
		851C5D6B2AE5390D0081925C /* SHLocationTableViewCell.swift in Sources */ = {isa = PBXBuildFile; fileRef = 851C5D6A2AE5390D0081925C /* SHLocationTableViewCell.swift */; };
		851C5D6D2AE53A340081925C /* SHLocationTableViewCellViewModel.swift in Sources */ = {isa = PBXBuildFile; fileRef = 851C5D6C2AE53A340081925C /* SHLocationTableViewCellViewModel.swift */; };
		851C5D6F2AE54E5C0081925C /* SHLocationDetailViewController.swift in Sources */ = {isa = PBXBuildFile; fileRef = 851C5D6E2AE54E5C0081925C /* SHLocationDetailViewController.swift */; };
		851C5D722AE556270081925C /* SHLocationDetailView.swift in Sources */ = {isa = PBXBuildFile; fileRef = 851C5D712AE556270081925C /* SHLocationDetailView.swift */; };
		851C5D752AE5586D0081925C /* SHLocationDetailViewViewModel.swift in Sources */ = {isa = PBXBuildFile; fileRef = 851C5D742AE5586D0081925C /* SHLocationDetailViewViewModel.swift */; };
		851C5D782AEA11370081925C /* SHSearchView.swift in Sources */ = {isa = PBXBuildFile; fileRef = 851C5D772AEA11370081925C /* SHSearchView.swift */; };
		851C5D7B2AEA11D70081925C /* SHSearchViewViewModel.swift in Sources */ = {isa = PBXBuildFile; fileRef = 851C5D7A2AEA11D70081925C /* SHSearchViewViewModel.swift */; };
		851C5D7D2AEA14920081925C /* SHNoSearchResultsView.swift in Sources */ = {isa = PBXBuildFile; fileRef = 851C5D7C2AEA14920081925C /* SHNoSearchResultsView.swift */; };
		851C5D7F2AEA15060081925C /* SHNoSearchResultsViewViewModel.swift in Sources */ = {isa = PBXBuildFile; fileRef = 851C5D7E2AEA15060081925C /* SHNoSearchResultsViewViewModel.swift */; };
		851C5D812AEA15840081925C /* SHSearchInputView.swift in Sources */ = {isa = PBXBuildFile; fileRef = 851C5D802AEA15840081925C /* SHSearchInputView.swift */; };
		851C5D832AEA15AE0081925C /* SHSearchInputViewViewModel.swift in Sources */ = {isa = PBXBuildFile; fileRef = 851C5D822AEA15AE0081925C /* SHSearchInputViewViewModel.swift */; };
		851C5D852AECEEEC0081925C /* SHSearchOptionPickerViewController.swift in Sources */ = {isa = PBXBuildFile; fileRef = 851C5D842AECEEEC0081925C /* SHSearchOptionPickerViewController.swift */; };
		853EFA9F2AA324F500F5DF86 /* SHImageLoader.swift in Sources */ = {isa = PBXBuildFile; fileRef = 853EFA9E2AA324F500F5DF86 /* SHImageLoader.swift */; };
		853EFAA32AA57FF000F5DF86 /* SHCharacterPhotoCollectionViewCell.swift in Sources */ = {isa = PBXBuildFile; fileRef = 853EFAA22AA57FF000F5DF86 /* SHCharacterPhotoCollectionViewCell.swift */; };
		853EFAA52AA5801600F5DF86 /* SHCharacterInfoCollectionViewCell.swift in Sources */ = {isa = PBXBuildFile; fileRef = 853EFAA42AA5801600F5DF86 /* SHCharacterInfoCollectionViewCell.swift */; };
		853EFAA72AA5803500F5DF86 /* SHCharacterEpisodeCollectionViewCell.swift in Sources */ = {isa = PBXBuildFile; fileRef = 853EFAA62AA5803500F5DF86 /* SHCharacterEpisodeCollectionViewCell.swift */; };
		853EFAAB2AA580C900F5DF86 /* SHCharacterPhotoCollectionViewCellViewModel.swift in Sources */ = {isa = PBXBuildFile; fileRef = 853EFAAA2AA580C900F5DF86 /* SHCharacterPhotoCollectionViewCellViewModel.swift */; };
		853EFAAD2AA580D900F5DF86 /* SHCharacterInfoCollectionViewCellViewModel.swift in Sources */ = {isa = PBXBuildFile; fileRef = 853EFAAC2AA580D900F5DF86 /* SHCharacterInfoCollectionViewCellViewModel.swift */; };
		853EFAAF2AA580EE00F5DF86 /* SHCharacterEpisodeCollectionViewCellViewModel.swift in Sources */ = {isa = PBXBuildFile; fileRef = 853EFAAE2AA580EE00F5DF86 /* SHCharacterEpisodeCollectionViewCellViewModel.swift */; };
		853EFAB12AA979F400F5DF86 /* SHEpisodeDetailViewController.swift in Sources */ = {isa = PBXBuildFile; fileRef = 853EFAB02AA979F400F5DF86 /* SHEpisodeDetailViewController.swift */; };
		853EFAB32AA980E900F5DF86 /* SHAPICacheManager.swift in Sources */ = {isa = PBXBuildFile; fileRef = 853EFAB22AA980E900F5DF86 /* SHAPICacheManager.swift */; };
		853EFAB52AAAC70F00F5DF86 /* SHEpisodeDetailViewViewModel.swift in Sources */ = {isa = PBXBuildFile; fileRef = 853EFAB42AAAC70F00F5DF86 /* SHEpisodeDetailViewViewModel.swift */; };
		853EFAB92AAAC7C700F5DF86 /* SHEpisodeDetailView.swift in Sources */ = {isa = PBXBuildFile; fileRef = 853EFAB82AAAC7C700F5DF86 /* SHEpisodeDetailView.swift */; };
		853EFABC2AAC187700F5DF86 /* SHEpisodeListView.swift in Sources */ = {isa = PBXBuildFile; fileRef = 853EFABB2AAC187700F5DF86 /* SHEpisodeListView.swift */; };
		853EFABE2AAC190100F5DF86 /* SHEpisodeInfoCollectionViewCell.swift in Sources */ = {isa = PBXBuildFile; fileRef = 853EFABD2AAC190100F5DF86 /* SHEpisodeInfoCollectionViewCell.swift */; };
		853EFAC12AAC19AC00F5DF86 /* SHEpisodeListViewViewModel.swift in Sources */ = {isa = PBXBuildFile; fileRef = 853EFAC02AAC19AC00F5DF86 /* SHEpisodeListViewViewModel.swift */; };
		853EFAC52AAC20FD00F5DF86 /* SHGetAllEpisodesResponse.swift in Sources */ = {isa = PBXBuildFile; fileRef = 853EFAC42AAC20FD00F5DF86 /* SHGetAllEpisodesResponse.swift */; };
		853EFAC72AAC365D00F5DF86 /* SHSearchViewController.swift in Sources */ = {isa = PBXBuildFile; fileRef = 853EFAC62AAC365D00F5DF86 /* SHSearchViewController.swift */; };
		853EFAC92AADBA4F00F5DF86 /* SHEpisodeInfoCollectionViewCellViewModel.swift in Sources */ = {isa = PBXBuildFile; fileRef = 853EFAC82AADBA4F00F5DF86 /* SHEpisodeInfoCollectionViewCellViewModel.swift */; };
		85EC40722A9A1C7A00BD6C59 /* AppDelegate.swift in Sources */ = {isa = PBXBuildFile; fileRef = 85EC40712A9A1C7A00BD6C59 /* AppDelegate.swift */; };
		85EC40742A9A1C7A00BD6C59 /* SceneDelegate.swift in Sources */ = {isa = PBXBuildFile; fileRef = 85EC40732A9A1C7A00BD6C59 /* SceneDelegate.swift */; };
		85EC40762A9A1C7A00BD6C59 /* SHTabBarViewController.swift in Sources */ = {isa = PBXBuildFile; fileRef = 85EC40752A9A1C7A00BD6C59 /* SHTabBarViewController.swift */; };
		85EC407B2A9A1C7C00BD6C59 /* Assets.xcassets in Resources */ = {isa = PBXBuildFile; fileRef = 85EC407A2A9A1C7C00BD6C59 /* Assets.xcassets */; };
		85EC407E2A9A1C7C00BD6C59 /* LaunchScreen.storyboard in Resources */ = {isa = PBXBuildFile; fileRef = 85EC407C2A9A1C7C00BD6C59 /* LaunchScreen.storyboard */; };
		85EC408D2A9A1EAF00BD6C59 /* SHLocation.swift in Sources */ = {isa = PBXBuildFile; fileRef = 85EC408C2A9A1EAF00BD6C59 /* SHLocation.swift */; };
		85EC408F2A9A1EBD00BD6C59 /* SHCharacter.swift in Sources */ = {isa = PBXBuildFile; fileRef = 85EC408E2A9A1EBD00BD6C59 /* SHCharacter.swift */; };
		85EC40912A9A1ECB00BD6C59 /* SHEpisode.swift in Sources */ = {isa = PBXBuildFile; fileRef = 85EC40902A9A1ECB00BD6C59 /* SHEpisode.swift */; };
		85EC40942A9A1FA200BD6C59 /* SHLocationsViewController.swift in Sources */ = {isa = PBXBuildFile; fileRef = 85EC40932A9A1FA200BD6C59 /* SHLocationsViewController.swift */; };
		85EC40962A9A1FB000BD6C59 /* SHCharactersViewController.swift in Sources */ = {isa = PBXBuildFile; fileRef = 85EC40952A9A1FB000BD6C59 /* SHCharactersViewController.swift */; };
		85EC40982A9A1FBC00BD6C59 /* SHEpisodesViewController.swift in Sources */ = {isa = PBXBuildFile; fileRef = 85EC40972A9A1FBC00BD6C59 /* SHEpisodesViewController.swift */; };
		85EC409A2A9A1FC900BD6C59 /* SHSettingsViewController.swift in Sources */ = {isa = PBXBuildFile; fileRef = 85EC40992A9A1FC900BD6C59 /* SHSettingsViewController.swift */; };
		85EC409C2A9B086D00BD6C59 /* SHService.swift in Sources */ = {isa = PBXBuildFile; fileRef = 85EC409B2A9B086D00BD6C59 /* SHService.swift */; };
		85EC409E2A9B089100BD6C59 /* SHRequest.swift in Sources */ = {isa = PBXBuildFile; fileRef = 85EC409D2A9B089100BD6C59 /* SHRequest.swift */; };
		85EC40A02A9B09BA00BD6C59 /* SHEndpoint.swift in Sources */ = {isa = PBXBuildFile; fileRef = 85EC409F2A9B09BA00BD6C59 /* SHEndpoint.swift */; };
		85EC40A22A9B10F500BD6C59 /* SHOrigin.swift in Sources */ = {isa = PBXBuildFile; fileRef = 85EC40A12A9B10F500BD6C59 /* SHOrigin.swift */; };
		85EC40A42A9B15EF00BD6C59 /* SHCharacterStatus.swift in Sources */ = {isa = PBXBuildFile; fileRef = 85EC40A32A9B15EF00BD6C59 /* SHCharacterStatus.swift */; };
		85EC40A62A9B189E00BD6C59 /* SHCharacterGender.swift in Sources */ = {isa = PBXBuildFile; fileRef = 85EC40A52A9B189E00BD6C59 /* SHCharacterGender.swift */; };
		85EC40AA2A9B30F300BD6C59 /* SHGetAllCharactersResponse.swift in Sources */ = {isa = PBXBuildFile; fileRef = 85EC40A92A9B30F300BD6C59 /* SHGetAllCharactersResponse.swift */; };
		85EC40AC2A9B3BA000BD6C59 /* SHCharacterListViewViewModel.swift in Sources */ = {isa = PBXBuildFile; fileRef = 85EC40AB2A9B3BA000BD6C59 /* SHCharacterListViewViewModel.swift */; };
		85EC40AE2A9B3C3700BD6C59 /* SHCharacterListView.swift in Sources */ = {isa = PBXBuildFile; fileRef = 85EC40AD2A9B3C3700BD6C59 /* SHCharacterListView.swift */; };
		85EC40B02A9C4F2800BD6C59 /* Extensions.swift in Sources */ = {isa = PBXBuildFile; fileRef = 85EC40AF2A9C4F2800BD6C59 /* Extensions.swift */; };
		85EC40B22A9D9A2400BD6C59 /* SHCharacterCollectionViewCell.swift in Sources */ = {isa = PBXBuildFile; fileRef = 85EC40B12A9D9A2400BD6C59 /* SHCharacterCollectionViewCell.swift */; };
		85EC40B42A9D9BD900BD6C59 /* SHCharacterCollectionViewCellViewModel.swift in Sources */ = {isa = PBXBuildFile; fileRef = 85EC40B32A9D9BD900BD6C59 /* SHCharacterCollectionViewCellViewModel.swift */; };
		85EC40B72AA03E4A00BD6C59 /* SHCharacterDetailViewController.swift in Sources */ = {isa = PBXBuildFile; fileRef = 85EC40B62AA03E4A00BD6C59 /* SHCharacterDetailViewController.swift */; };
		85EC40B92AA03F5E00BD6C59 /* SHCharacterDetailView.swift in Sources */ = {isa = PBXBuildFile; fileRef = 85EC40B82AA03F5E00BD6C59 /* SHCharacterDetailView.swift */; };
		85EC40BB2AA03F9000BD6C59 /* SHCharacterDetailViewViewModel.swift in Sources */ = {isa = PBXBuildFile; fileRef = 85EC40BA2AA03F9000BD6C59 /* SHCharacterDetailViewViewModel.swift */; };
		85EC40BD2AA18E5D00BD6C59 /* SHFooterLoadingCollectionReusableView.swift in Sources */ = {isa = PBXBuildFile; fileRef = 85EC40BC2AA18E5D00BD6C59 /* SHFooterLoadingCollectionReusableView.swift */; };
/* End PBXBuildFile section */

/* Begin PBXFileReference section */
		851C5D592ADE37010081925C /* SHSettingsViewViewModel.swift */ = {isa = PBXFileReference; lastKnownFileType = sourcecode.swift; path = SHSettingsViewViewModel.swift; sourceTree = "<group>"; };
		851C5D5B2ADE38430081925C /* SHSettingsCellViewModel.swift */ = {isa = PBXFileReference; lastKnownFileType = sourcecode.swift; path = SHSettingsCellViewModel.swift; sourceTree = "<group>"; };
		851C5D5D2ADE38FB0081925C /* SHSettingsOption.swift */ = {isa = PBXFileReference; lastKnownFileType = sourcecode.swift; path = SHSettingsOption.swift; sourceTree = "<group>"; };
		851C5D602ADE41300081925C /* SHSettingsView.swift */ = {isa = PBXFileReference; lastKnownFileType = sourcecode.swift; path = SHSettingsView.swift; sourceTree = "<group>"; };
		851C5D632AE52C1C0081925C /* SHLocationView.swift */ = {isa = PBXFileReference; lastKnownFileType = sourcecode.swift; path = SHLocationView.swift; sourceTree = "<group>"; };
		851C5D662AE5304A0081925C /* SHLocationViewViewModel.swift */ = {isa = PBXFileReference; lastKnownFileType = sourcecode.swift; path = SHLocationViewViewModel.swift; sourceTree = "<group>"; };
		851C5D682AE533650081925C /* SHGetAllLocationsResponse.swift */ = {isa = PBXFileReference; lastKnownFileType = sourcecode.swift; path = SHGetAllLocationsResponse.swift; sourceTree = "<group>"; };
		851C5D6A2AE5390D0081925C /* SHLocationTableViewCell.swift */ = {isa = PBXFileReference; lastKnownFileType = sourcecode.swift; path = SHLocationTableViewCell.swift; sourceTree = "<group>"; };
		851C5D6C2AE53A340081925C /* SHLocationTableViewCellViewModel.swift */ = {isa = PBXFileReference; lastKnownFileType = sourcecode.swift; path = SHLocationTableViewCellViewModel.swift; sourceTree = "<group>"; };
		851C5D6E2AE54E5C0081925C /* SHLocationDetailViewController.swift */ = {isa = PBXFileReference; lastKnownFileType = sourcecode.swift; path = SHLocationDetailViewController.swift; sourceTree = "<group>"; };
		851C5D712AE556270081925C /* SHLocationDetailView.swift */ = {isa = PBXFileReference; lastKnownFileType = sourcecode.swift; path = SHLocationDetailView.swift; sourceTree = "<group>"; };
		851C5D742AE5586D0081925C /* SHLocationDetailViewViewModel.swift */ = {isa = PBXFileReference; lastKnownFileType = sourcecode.swift; path = SHLocationDetailViewViewModel.swift; sourceTree = "<group>"; };
		851C5D772AEA11370081925C /* SHSearchView.swift */ = {isa = PBXFileReference; lastKnownFileType = sourcecode.swift; path = SHSearchView.swift; sourceTree = "<group>"; };
		851C5D7A2AEA11D70081925C /* SHSearchViewViewModel.swift */ = {isa = PBXFileReference; lastKnownFileType = sourcecode.swift; path = SHSearchViewViewModel.swift; sourceTree = "<group>"; };
		851C5D7C2AEA14920081925C /* SHNoSearchResultsView.swift */ = {isa = PBXFileReference; lastKnownFileType = sourcecode.swift; path = SHNoSearchResultsView.swift; sourceTree = "<group>"; };
		851C5D7E2AEA15060081925C /* SHNoSearchResultsViewViewModel.swift */ = {isa = PBXFileReference; lastKnownFileType = sourcecode.swift; path = SHNoSearchResultsViewViewModel.swift; sourceTree = "<group>"; };
		851C5D802AEA15840081925C /* SHSearchInputView.swift */ = {isa = PBXFileReference; lastKnownFileType = sourcecode.swift; path = SHSearchInputView.swift; sourceTree = "<group>"; };
		851C5D822AEA15AE0081925C /* SHSearchInputViewViewModel.swift */ = {isa = PBXFileReference; lastKnownFileType = sourcecode.swift; path = SHSearchInputViewViewModel.swift; sourceTree = "<group>"; };
		851C5D842AECEEEC0081925C /* SHSearchOptionPickerViewController.swift */ = {isa = PBXFileReference; lastKnownFileType = sourcecode.swift; path = SHSearchOptionPickerViewController.swift; sourceTree = "<group>"; };
		853EFA9E2AA324F500F5DF86 /* SHImageLoader.swift */ = {isa = PBXFileReference; lastKnownFileType = sourcecode.swift; path = SHImageLoader.swift; sourceTree = "<group>"; };
		853EFAA22AA57FF000F5DF86 /* SHCharacterPhotoCollectionViewCell.swift */ = {isa = PBXFileReference; lastKnownFileType = sourcecode.swift; path = SHCharacterPhotoCollectionViewCell.swift; sourceTree = "<group>"; };
		853EFAA42AA5801600F5DF86 /* SHCharacterInfoCollectionViewCell.swift */ = {isa = PBXFileReference; lastKnownFileType = sourcecode.swift; path = SHCharacterInfoCollectionViewCell.swift; sourceTree = "<group>"; };
		853EFAA62AA5803500F5DF86 /* SHCharacterEpisodeCollectionViewCell.swift */ = {isa = PBXFileReference; lastKnownFileType = sourcecode.swift; path = SHCharacterEpisodeCollectionViewCell.swift; sourceTree = "<group>"; };
		853EFAAA2AA580C900F5DF86 /* SHCharacterPhotoCollectionViewCellViewModel.swift */ = {isa = PBXFileReference; lastKnownFileType = sourcecode.swift; path = SHCharacterPhotoCollectionViewCellViewModel.swift; sourceTree = "<group>"; };
		853EFAAC2AA580D900F5DF86 /* SHCharacterInfoCollectionViewCellViewModel.swift */ = {isa = PBXFileReference; lastKnownFileType = sourcecode.swift; path = SHCharacterInfoCollectionViewCellViewModel.swift; sourceTree = "<group>"; };
		853EFAAE2AA580EE00F5DF86 /* SHCharacterEpisodeCollectionViewCellViewModel.swift */ = {isa = PBXFileReference; lastKnownFileType = sourcecode.swift; path = SHCharacterEpisodeCollectionViewCellViewModel.swift; sourceTree = "<group>"; };
		853EFAB02AA979F400F5DF86 /* SHEpisodeDetailViewController.swift */ = {isa = PBXFileReference; lastKnownFileType = sourcecode.swift; path = SHEpisodeDetailViewController.swift; sourceTree = "<group>"; };
		853EFAB22AA980E900F5DF86 /* SHAPICacheManager.swift */ = {isa = PBXFileReference; lastKnownFileType = sourcecode.swift; path = SHAPICacheManager.swift; sourceTree = "<group>"; };
		853EFAB42AAAC70F00F5DF86 /* SHEpisodeDetailViewViewModel.swift */ = {isa = PBXFileReference; lastKnownFileType = sourcecode.swift; path = SHEpisodeDetailViewViewModel.swift; sourceTree = "<group>"; };
		853EFAB82AAAC7C700F5DF86 /* SHEpisodeDetailView.swift */ = {isa = PBXFileReference; lastKnownFileType = sourcecode.swift; path = SHEpisodeDetailView.swift; sourceTree = "<group>"; };
		853EFABB2AAC187700F5DF86 /* SHEpisodeListView.swift */ = {isa = PBXFileReference; lastKnownFileType = sourcecode.swift; path = SHEpisodeListView.swift; sourceTree = "<group>"; };
		853EFABD2AAC190100F5DF86 /* SHEpisodeInfoCollectionViewCell.swift */ = {isa = PBXFileReference; lastKnownFileType = sourcecode.swift; path = SHEpisodeInfoCollectionViewCell.swift; sourceTree = "<group>"; };
		853EFAC02AAC19AC00F5DF86 /* SHEpisodeListViewViewModel.swift */ = {isa = PBXFileReference; lastKnownFileType = sourcecode.swift; path = SHEpisodeListViewViewModel.swift; sourceTree = "<group>"; };
		853EFAC42AAC20FD00F5DF86 /* SHGetAllEpisodesResponse.swift */ = {isa = PBXFileReference; lastKnownFileType = sourcecode.swift; path = SHGetAllEpisodesResponse.swift; sourceTree = "<group>"; };
		853EFAC62AAC365D00F5DF86 /* SHSearchViewController.swift */ = {isa = PBXFileReference; lastKnownFileType = sourcecode.swift; path = SHSearchViewController.swift; sourceTree = "<group>"; };
		853EFAC82AADBA4F00F5DF86 /* SHEpisodeInfoCollectionViewCellViewModel.swift */ = {isa = PBXFileReference; lastKnownFileType = sourcecode.swift; path = SHEpisodeInfoCollectionViewCellViewModel.swift; sourceTree = "<group>"; };
		85EC406E2A9A1C7A00BD6C59 /* TVShowApp.app */ = {isa = PBXFileReference; explicitFileType = wrapper.application; includeInIndex = 0; path = TVShowApp.app; sourceTree = BUILT_PRODUCTS_DIR; };
		85EC40712A9A1C7A00BD6C59 /* AppDelegate.swift */ = {isa = PBXFileReference; lastKnownFileType = sourcecode.swift; path = AppDelegate.swift; sourceTree = "<group>"; };
		85EC40732A9A1C7A00BD6C59 /* SceneDelegate.swift */ = {isa = PBXFileReference; lastKnownFileType = sourcecode.swift; path = SceneDelegate.swift; sourceTree = "<group>"; };
		85EC40752A9A1C7A00BD6C59 /* SHTabBarViewController.swift */ = {isa = PBXFileReference; lastKnownFileType = sourcecode.swift; path = SHTabBarViewController.swift; sourceTree = "<group>"; };
		85EC407A2A9A1C7C00BD6C59 /* Assets.xcassets */ = {isa = PBXFileReference; lastKnownFileType = folder.assetcatalog; path = Assets.xcassets; sourceTree = "<group>"; };
		85EC407D2A9A1C7C00BD6C59 /* Base */ = {isa = PBXFileReference; lastKnownFileType = file.storyboard; name = Base; path = Base.lproj/LaunchScreen.storyboard; sourceTree = "<group>"; };
		85EC407F2A9A1C7C00BD6C59 /* Info.plist */ = {isa = PBXFileReference; lastKnownFileType = text.plist.xml; path = Info.plist; sourceTree = "<group>"; };
		85EC408C2A9A1EAF00BD6C59 /* SHLocation.swift */ = {isa = PBXFileReference; lastKnownFileType = sourcecode.swift; path = SHLocation.swift; sourceTree = "<group>"; };
		85EC408E2A9A1EBD00BD6C59 /* SHCharacter.swift */ = {isa = PBXFileReference; lastKnownFileType = sourcecode.swift; path = SHCharacter.swift; sourceTree = "<group>"; };
		85EC40902A9A1ECB00BD6C59 /* SHEpisode.swift */ = {isa = PBXFileReference; lastKnownFileType = sourcecode.swift; path = SHEpisode.swift; sourceTree = "<group>"; };
		85EC40932A9A1FA200BD6C59 /* SHLocationsViewController.swift */ = {isa = PBXFileReference; lastKnownFileType = sourcecode.swift; path = SHLocationsViewController.swift; sourceTree = "<group>"; };
		85EC40952A9A1FB000BD6C59 /* SHCharactersViewController.swift */ = {isa = PBXFileReference; lastKnownFileType = sourcecode.swift; path = SHCharactersViewController.swift; sourceTree = "<group>"; };
		85EC40972A9A1FBC00BD6C59 /* SHEpisodesViewController.swift */ = {isa = PBXFileReference; lastKnownFileType = sourcecode.swift; path = SHEpisodesViewController.swift; sourceTree = "<group>"; };
		85EC40992A9A1FC900BD6C59 /* SHSettingsViewController.swift */ = {isa = PBXFileReference; lastKnownFileType = sourcecode.swift; path = SHSettingsViewController.swift; sourceTree = "<group>"; };
		85EC409B2A9B086D00BD6C59 /* SHService.swift */ = {isa = PBXFileReference; lastKnownFileType = sourcecode.swift; path = SHService.swift; sourceTree = "<group>"; };
		85EC409D2A9B089100BD6C59 /* SHRequest.swift */ = {isa = PBXFileReference; lastKnownFileType = sourcecode.swift; path = SHRequest.swift; sourceTree = "<group>"; };
		85EC409F2A9B09BA00BD6C59 /* SHEndpoint.swift */ = {isa = PBXFileReference; lastKnownFileType = sourcecode.swift; path = SHEndpoint.swift; sourceTree = "<group>"; };
		85EC40A12A9B10F500BD6C59 /* SHOrigin.swift */ = {isa = PBXFileReference; lastKnownFileType = sourcecode.swift; path = SHOrigin.swift; sourceTree = "<group>"; };
		85EC40A32A9B15EF00BD6C59 /* SHCharacterStatus.swift */ = {isa = PBXFileReference; lastKnownFileType = sourcecode.swift; path = SHCharacterStatus.swift; sourceTree = "<group>"; };
		85EC40A52A9B189E00BD6C59 /* SHCharacterGender.swift */ = {isa = PBXFileReference; lastKnownFileType = sourcecode.swift; path = SHCharacterGender.swift; sourceTree = "<group>"; };
		85EC40A92A9B30F300BD6C59 /* SHGetAllCharactersResponse.swift */ = {isa = PBXFileReference; lastKnownFileType = sourcecode.swift; path = SHGetAllCharactersResponse.swift; sourceTree = "<group>"; };
		85EC40AB2A9B3BA000BD6C59 /* SHCharacterListViewViewModel.swift */ = {isa = PBXFileReference; lastKnownFileType = sourcecode.swift; path = SHCharacterListViewViewModel.swift; sourceTree = "<group>"; };
		85EC40AD2A9B3C3700BD6C59 /* SHCharacterListView.swift */ = {isa = PBXFileReference; lastKnownFileType = sourcecode.swift; path = SHCharacterListView.swift; sourceTree = "<group>"; };
		85EC40AF2A9C4F2800BD6C59 /* Extensions.swift */ = {isa = PBXFileReference; lastKnownFileType = sourcecode.swift; path = Extensions.swift; sourceTree = "<group>"; };
		85EC40B12A9D9A2400BD6C59 /* SHCharacterCollectionViewCell.swift */ = {isa = PBXFileReference; lastKnownFileType = sourcecode.swift; path = SHCharacterCollectionViewCell.swift; sourceTree = "<group>"; };
		85EC40B32A9D9BD900BD6C59 /* SHCharacterCollectionViewCellViewModel.swift */ = {isa = PBXFileReference; lastKnownFileType = sourcecode.swift; path = SHCharacterCollectionViewCellViewModel.swift; sourceTree = "<group>"; };
		85EC40B62AA03E4A00BD6C59 /* SHCharacterDetailViewController.swift */ = {isa = PBXFileReference; lastKnownFileType = sourcecode.swift; path = SHCharacterDetailViewController.swift; sourceTree = "<group>"; };
		85EC40B82AA03F5E00BD6C59 /* SHCharacterDetailView.swift */ = {isa = PBXFileReference; lastKnownFileType = sourcecode.swift; path = SHCharacterDetailView.swift; sourceTree = "<group>"; };
		85EC40BA2AA03F9000BD6C59 /* SHCharacterDetailViewViewModel.swift */ = {isa = PBXFileReference; lastKnownFileType = sourcecode.swift; path = SHCharacterDetailViewViewModel.swift; sourceTree = "<group>"; };
		85EC40BC2AA18E5D00BD6C59 /* SHFooterLoadingCollectionReusableView.swift */ = {isa = PBXFileReference; lastKnownFileType = sourcecode.swift; path = SHFooterLoadingCollectionReusableView.swift; sourceTree = "<group>"; };
/* End PBXFileReference section */

/* Begin PBXFrameworksBuildPhase section */
		85EC406B2A9A1C7A00BD6C59 /* Frameworks */ = {
			isa = PBXFrameworksBuildPhase;
			buildActionMask = 2147483647;
			files = (
			);
			runOnlyForDeploymentPostprocessing = 0;
		};
/* End PBXFrameworksBuildPhase section */

/* Begin PBXGroup section */
		851C5D582ADE36DE0081925C /* Settings */ = {
			isa = PBXGroup;
			children = (
				851C5D592ADE37010081925C /* SHSettingsViewViewModel.swift */,
				851C5D5B2ADE38430081925C /* SHSettingsCellViewModel.swift */,
				851C5D5D2ADE38FB0081925C /* SHSettingsOption.swift */,
			);
			path = Settings;
			sourceTree = "<group>";
		};
		851C5D5F2ADE41160081925C /* SwiftUI */ = {
			isa = PBXGroup;
			children = (
				851C5D602ADE41300081925C /* SHSettingsView.swift */,
			);
			path = SwiftUI;
			sourceTree = "<group>";
		};
		851C5D622AE52BFE0081925C /* Location */ = {
			isa = PBXGroup;
			children = (
				851C5D632AE52C1C0081925C /* SHLocationView.swift */,
				851C5D6A2AE5390D0081925C /* SHLocationTableViewCell.swift */,
			);
			path = Location;
			sourceTree = "<group>";
		};
		851C5D652AE530380081925C /* Location */ = {
			isa = PBXGroup;
			children = (
				851C5D662AE5304A0081925C /* SHLocationViewViewModel.swift */,
				851C5D6C2AE53A340081925C /* SHLocationTableViewCellViewModel.swift */,
			);
			path = Location;
			sourceTree = "<group>";
		};
		851C5D702AE555F90081925C /* LocationDetails */ = {
			isa = PBXGroup;
			children = (
				851C5D712AE556270081925C /* SHLocationDetailView.swift */,
			);
			path = LocationDetails;
			sourceTree = "<group>";
		};
		851C5D732AE558230081925C /* LocationDetails */ = {
			isa = PBXGroup;
			children = (
				851C5D742AE5586D0081925C /* SHLocationDetailViewViewModel.swift */,
			);
			path = LocationDetails;
			sourceTree = "<group>";
		};
		851C5D762AEA11200081925C /* Search */ = {
			isa = PBXGroup;
			children = (
				851C5D772AEA11370081925C /* SHSearchView.swift */,
				851C5D7C2AEA14920081925C /* SHNoSearchResultsView.swift */,
				851C5D802AEA15840081925C /* SHSearchInputView.swift */,
			);
			path = Search;
			sourceTree = "<group>";
		};
		851C5D792AEA11BE0081925C /* Search */ = {
			isa = PBXGroup;
			children = (
				851C5D7A2AEA11D70081925C /* SHSearchViewViewModel.swift */,
				851C5D7E2AEA15060081925C /* SHNoSearchResultsViewViewModel.swift */,
				851C5D822AEA15AE0081925C /* SHSearchInputViewViewModel.swift */,
			);
			path = Search;
			sourceTree = "<group>";
		};
		851C5D862AECF0650081925C /* Search */ = {
			isa = PBXGroup;
			children = (
				853EFAC62AAC365D00F5DF86 /* SHSearchViewController.swift */,
				851C5D842AECEEEC0081925C /* SHSearchOptionPickerViewController.swift */,
			);
			path = Search;
			sourceTree = "<group>";
		};
		853EFAA02AA57F6F00F5DF86 /* CharacterDetails */ = {
			isa = PBXGroup;
			children = (
				85EC40B82AA03F5E00BD6C59 /* SHCharacterDetailView.swift */,
				853EFAA22AA57FF000F5DF86 /* SHCharacterPhotoCollectionViewCell.swift */,
				853EFAA42AA5801600F5DF86 /* SHCharacterInfoCollectionViewCell.swift */,
				853EFAA62AA5803500F5DF86 /* SHCharacterEpisodeCollectionViewCell.swift */,
			);
			path = CharacterDetails;
			sourceTree = "<group>";
		};
		853EFAA12AA57FB000F5DF86 /* Character */ = {
			isa = PBXGroup;
			children = (
				85EC40AD2A9B3C3700BD6C59 /* SHCharacterListView.swift */,
				85EC40B12A9D9A2400BD6C59 /* SHCharacterCollectionViewCell.swift */,
			);
			path = Character;
			sourceTree = "<group>";
		};
		853EFAA82AA5805C00F5DF86 /* CharacterDetails */ = {
			isa = PBXGroup;
			children = (
				85EC40BA2AA03F9000BD6C59 /* SHCharacterDetailViewViewModel.swift */,
				853EFAAA2AA580C900F5DF86 /* SHCharacterPhotoCollectionViewCellViewModel.swift */,
				853EFAAC2AA580D900F5DF86 /* SHCharacterInfoCollectionViewCellViewModel.swift */,
				853EFAAE2AA580EE00F5DF86 /* SHCharacterEpisodeCollectionViewCellViewModel.swift */,
			);
			path = CharacterDetails;
			sourceTree = "<group>";
		};
		853EFAA92AA5806D00F5DF86 /* Character */ = {
			isa = PBXGroup;
			children = (
				85EC40AB2A9B3BA000BD6C59 /* SHCharacterListViewViewModel.swift */,
				85EC40B32A9D9BD900BD6C59 /* SHCharacterCollectionViewCellViewModel.swift */,
			);
			path = Character;
			sourceTree = "<group>";
		};
		853EFAB62AAAC71700F5DF86 /* EpisodeDetails */ = {
			isa = PBXGroup;
			children = (
				853EFAB42AAAC70F00F5DF86 /* SHEpisodeDetailViewViewModel.swift */,
				853EFAC82AADBA4F00F5DF86 /* SHEpisodeInfoCollectionViewCellViewModel.swift */,
			);
			path = EpisodeDetails;
			sourceTree = "<group>";
		};
		853EFAB72AAAC7A400F5DF86 /* EpisodeDetails */ = {
			isa = PBXGroup;
			children = (
				853EFABD2AAC190100F5DF86 /* SHEpisodeInfoCollectionViewCell.swift */,
				853EFAB82AAAC7C700F5DF86 /* SHEpisodeDetailView.swift */,
			);
			path = EpisodeDetails;
			sourceTree = "<group>";
		};
		853EFABA2AAC184F00F5DF86 /* Episode */ = {
			isa = PBXGroup;
			children = (
				853EFABB2AAC187700F5DF86 /* SHEpisodeListView.swift */,
			);
			path = Episode;
			sourceTree = "<group>";
		};
		853EFABF2AAC197F00F5DF86 /* Episode */ = {
			isa = PBXGroup;
			children = (
				853EFAC02AAC19AC00F5DF86 /* SHEpisodeListViewViewModel.swift */,
			);
			path = Episode;
			sourceTree = "<group>";
		};
		85EC40652A9A1C7A00BD6C59 = {
			isa = PBXGroup;
			children = (
				85EC40702A9A1C7A00BD6C59 /* TVShowApp */,
				85EC406F2A9A1C7A00BD6C59 /* Products */,
			);
			sourceTree = "<group>";
		};
		85EC406F2A9A1C7A00BD6C59 /* Products */ = {
			isa = PBXGroup;
			children = (
				85EC406E2A9A1C7A00BD6C59 /* TVShowApp.app */,
			);
			name = Products;
			sourceTree = "<group>";
		};
		85EC40702A9A1C7A00BD6C59 /* TVShowApp */ = {
			isa = PBXGroup;
			children = (
				85EC408B2A9A1DA800BD6C59 /* Resources */,
				85EC408A2A9A1D9D00BD6C59 /* Managers */,
				85EC40892A9A1D8D00BD6C59 /* APIClient */,
				85EC40882A9A1D7D00BD6C59 /* ViewModels */,
				85EC40872A9A1D7400BD6C59 /* Views */,
				85EC40862A9A1D6800BD6C59 /* Models */,
				85EC40852A9A1D5B00BD6C59 /* Controllers */,
				85EC407F2A9A1C7C00BD6C59 /* Info.plist */,
			);
			path = TVShowApp;
			sourceTree = "<group>";
		};
		85EC40852A9A1D5B00BD6C59 /* Controllers */ = {
			isa = PBXGroup;
			children = (
				85EC40B52AA03E2600BD6C59 /* Other */,
				85EC40922A9A1F8400BD6C59 /* Core */,
			);
			path = Controllers;
			sourceTree = "<group>";
		};
		85EC40862A9A1D6800BD6C59 /* Models */ = {
			isa = PBXGroup;
			children = (
				85EC40A82A9B30BE00BD6C59 /* APIResponseTypes */,
				85EC40A72A9B30B000BD6C59 /* DataTypes */,
			);
			path = Models;
			sourceTree = "<group>";
		};
		85EC40872A9A1D7400BD6C59 /* Views */ = {
			isa = PBXGroup;
			children = (
				851C5D762AEA11200081925C /* Search */,
				851C5D622AE52BFE0081925C /* Location */,
				851C5D702AE555F90081925C /* LocationDetails */,
				851C5D5F2ADE41160081925C /* SwiftUI */,
				853EFABA2AAC184F00F5DF86 /* Episode */,
				853EFAB72AAAC7A400F5DF86 /* EpisodeDetails */,
				853EFAA12AA57FB000F5DF86 /* Character */,
				853EFAA02AA57F6F00F5DF86 /* CharacterDetails */,
				85EC40BC2AA18E5D00BD6C59 /* SHFooterLoadingCollectionReusableView.swift */,
			);
			path = Views;
			sourceTree = "<group>";
		};
		85EC40882A9A1D7D00BD6C59 /* ViewModels */ = {
			isa = PBXGroup;
			children = (
				851C5D792AEA11BE0081925C /* Search */,
				851C5D652AE530380081925C /* Location */,
				851C5D732AE558230081925C /* LocationDetails */,
				851C5D582ADE36DE0081925C /* Settings */,
				853EFABF2AAC197F00F5DF86 /* Episode */,
				853EFAB62AAAC71700F5DF86 /* EpisodeDetails */,
				853EFAA92AA5806D00F5DF86 /* Character */,
				853EFAA82AA5805C00F5DF86 /* CharacterDetails */,
			);
			path = ViewModels;
			sourceTree = "<group>";
		};
		85EC40892A9A1D8D00BD6C59 /* APIClient */ = {
			isa = PBXGroup;
			children = (
				85EC409B2A9B086D00BD6C59 /* SHService.swift */,
				85EC409D2A9B089100BD6C59 /* SHRequest.swift */,
				85EC409F2A9B09BA00BD6C59 /* SHEndpoint.swift */,
			);
			path = APIClient;
			sourceTree = "<group>";
		};
		85EC408A2A9A1D9D00BD6C59 /* Managers */ = {
			isa = PBXGroup;
			children = (
				853EFA9E2AA324F500F5DF86 /* SHImageLoader.swift */,
				853EFAB22AA980E900F5DF86 /* SHAPICacheManager.swift */,
			);
			path = Managers;
			sourceTree = "<group>";
		};
		85EC408B2A9A1DA800BD6C59 /* Resources */ = {
			isa = PBXGroup;
			children = (
				85EC40712A9A1C7A00BD6C59 /* AppDelegate.swift */,
				85EC40732A9A1C7A00BD6C59 /* SceneDelegate.swift */,
				85EC407A2A9A1C7C00BD6C59 /* Assets.xcassets */,
				85EC407C2A9A1C7C00BD6C59 /* LaunchScreen.storyboard */,
				85EC40AF2A9C4F2800BD6C59 /* Extensions.swift */,
			);
			path = Resources;
			sourceTree = "<group>";
		};
		85EC40922A9A1F8400BD6C59 /* Core */ = {
			isa = PBXGroup;
			children = (
				85EC40752A9A1C7A00BD6C59 /* SHTabBarViewController.swift */,
				85EC40952A9A1FB000BD6C59 /* SHCharactersViewController.swift */,
				85EC40932A9A1FA200BD6C59 /* SHLocationsViewController.swift */,
				85EC40972A9A1FBC00BD6C59 /* SHEpisodesViewController.swift */,
				85EC40992A9A1FC900BD6C59 /* SHSettingsViewController.swift */,
			);
			path = Core;
			sourceTree = "<group>";
		};
		85EC40A72A9B30B000BD6C59 /* DataTypes */ = {
			isa = PBXGroup;
			children = (
				85EC408C2A9A1EAF00BD6C59 /* SHLocation.swift */,
				85EC408E2A9A1EBD00BD6C59 /* SHCharacter.swift */,
				85EC40A52A9B189E00BD6C59 /* SHCharacterGender.swift */,
				85EC40A32A9B15EF00BD6C59 /* SHCharacterStatus.swift */,
				85EC40902A9A1ECB00BD6C59 /* SHEpisode.swift */,
				85EC40A12A9B10F500BD6C59 /* SHOrigin.swift */,
			);
			path = DataTypes;
			sourceTree = "<group>";
		};
		85EC40A82A9B30BE00BD6C59 /* APIResponseTypes */ = {
			isa = PBXGroup;
			children = (
				85EC40A92A9B30F300BD6C59 /* SHGetAllCharactersResponse.swift */,
				853EFAC42AAC20FD00F5DF86 /* SHGetAllEpisodesResponse.swift */,
				851C5D682AE533650081925C /* SHGetAllLocationsResponse.swift */,
			);
			path = APIResponseTypes;
			sourceTree = "<group>";
		};
		85EC40B52AA03E2600BD6C59 /* Other */ = {
			isa = PBXGroup;
			children = (
				851C5D862AECF0650081925C /* Search */,
				85EC40B62AA03E4A00BD6C59 /* SHCharacterDetailViewController.swift */,
				853EFAB02AA979F400F5DF86 /* SHEpisodeDetailViewController.swift */,
				851C5D6E2AE54E5C0081925C /* SHLocationDetailViewController.swift */,
			);
			path = Other;
			sourceTree = "<group>";
		};
/* End PBXGroup section */

/* Begin PBXNativeTarget section */
		85EC406D2A9A1C7A00BD6C59 /* TVShowApp */ = {
			isa = PBXNativeTarget;
			buildConfigurationList = 85EC40822A9A1C7C00BD6C59 /* Build configuration list for PBXNativeTarget "TVShowApp" */;
			buildPhases = (
				85EC406A2A9A1C7A00BD6C59 /* Sources */,
				85EC406B2A9A1C7A00BD6C59 /* Frameworks */,
				85EC406C2A9A1C7A00BD6C59 /* Resources */,
			);
			buildRules = (
			);
			dependencies = (
			);
			name = TVShowApp;
			productName = TVShowApp;
			productReference = 85EC406E2A9A1C7A00BD6C59 /* TVShowApp.app */;
			productType = "com.apple.product-type.application";
		};
/* End PBXNativeTarget section */

/* Begin PBXProject section */
		85EC40662A9A1C7A00BD6C59 /* Project object */ = {
			isa = PBXProject;
			attributes = {
				BuildIndependentTargetsInParallel = 1;
				LastSwiftUpdateCheck = 1430;
				LastUpgradeCheck = 1430;
				TargetAttributes = {
					85EC406D2A9A1C7A00BD6C59 = {
						CreatedOnToolsVersion = 14.3.1;
					};
				};
			};
			buildConfigurationList = 85EC40692A9A1C7A00BD6C59 /* Build configuration list for PBXProject "TVShowApp" */;
			compatibilityVersion = "Xcode 14.0";
			developmentRegion = en;
			hasScannedForEncodings = 0;
			knownRegions = (
				en,
				Base,
			);
			mainGroup = 85EC40652A9A1C7A00BD6C59;
			productRefGroup = 85EC406F2A9A1C7A00BD6C59 /* Products */;
			projectDirPath = "";
			projectRoot = "";
			targets = (
				85EC406D2A9A1C7A00BD6C59 /* TVShowApp */,
			);
		};
/* End PBXProject section */

/* Begin PBXResourcesBuildPhase section */
		85EC406C2A9A1C7A00BD6C59 /* Resources */ = {
			isa = PBXResourcesBuildPhase;
			buildActionMask = 2147483647;
			files = (
				85EC407E2A9A1C7C00BD6C59 /* LaunchScreen.storyboard in Resources */,
				85EC407B2A9A1C7C00BD6C59 /* Assets.xcassets in Resources */,
			);
			runOnlyForDeploymentPostprocessing = 0;
		};
/* End PBXResourcesBuildPhase section */

/* Begin PBXSourcesBuildPhase section */
		85EC406A2A9A1C7A00BD6C59 /* Sources */ = {
			isa = PBXSourcesBuildPhase;
			buildActionMask = 2147483647;
			files = (
				85EC40762A9A1C7A00BD6C59 /* SHTabBarViewController.swift in Sources */,
				85EC40B72AA03E4A00BD6C59 /* SHCharacterDetailViewController.swift in Sources */,
				85EC40962A9A1FB000BD6C59 /* SHCharactersViewController.swift in Sources */,
				851C5D7F2AEA15060081925C /* SHNoSearchResultsViewViewModel.swift in Sources */,
				851C5D722AE556270081925C /* SHLocationDetailView.swift in Sources */,
				851C5D5C2ADE38430081925C /* SHSettingsCellViewModel.swift in Sources */,
				851C5D832AEA15AE0081925C /* SHSearchInputViewViewModel.swift in Sources */,
				853EFAB92AAAC7C700F5DF86 /* SHEpisodeDetailView.swift in Sources */,
				85EC40BB2AA03F9000BD6C59 /* SHCharacterDetailViewViewModel.swift in Sources */,
				85EC40A42A9B15EF00BD6C59 /* SHCharacterStatus.swift in Sources */,
				853EFA9F2AA324F500F5DF86 /* SHImageLoader.swift in Sources */,
				85EC40B92AA03F5E00BD6C59 /* SHCharacterDetailView.swift in Sources */,
				85EC409E2A9B089100BD6C59 /* SHRequest.swift in Sources */,
				851C5D752AE5586D0081925C /* SHLocationDetailViewViewModel.swift in Sources */,
				851C5D852AECEEEC0081925C /* SHSearchOptionPickerViewController.swift in Sources */,
				85EC40AC2A9B3BA000BD6C59 /* SHCharacterListViewViewModel.swift in Sources */,
				85EC40722A9A1C7A00BD6C59 /* AppDelegate.swift in Sources */,
				85EC40982A9A1FBC00BD6C59 /* SHEpisodesViewController.swift in Sources */,
				85EC40AA2A9B30F300BD6C59 /* SHGetAllCharactersResponse.swift in Sources */,
				853EFAA32AA57FF000F5DF86 /* SHCharacterPhotoCollectionViewCell.swift in Sources */,
				851C5D782AEA11370081925C /* SHSearchView.swift in Sources */,
				85EC40742A9A1C7A00BD6C59 /* SceneDelegate.swift in Sources */,
				851C5D5E2ADE38FB0081925C /* SHSettingsOption.swift in Sources */,
				853EFABE2AAC190100F5DF86 /* SHEpisodeInfoCollectionViewCell.swift in Sources */,
				85EC40AE2A9B3C3700BD6C59 /* SHCharacterListView.swift in Sources */,
				851C5D692AE533650081925C /* SHGetAllLocationsResponse.swift in Sources */,
				853EFAB32AA980E900F5DF86 /* SHAPICacheManager.swift in Sources */,
				853EFAA72AA5803500F5DF86 /* SHCharacterEpisodeCollectionViewCell.swift in Sources */,
				85EC408F2A9A1EBD00BD6C59 /* SHCharacter.swift in Sources */,
				853EFAC12AAC19AC00F5DF86 /* SHEpisodeListViewViewModel.swift in Sources */,
				853EFAC92AADBA4F00F5DF86 /* SHEpisodeInfoCollectionViewCellViewModel.swift in Sources */,
				851C5D672AE5304A0081925C /* SHLocationViewViewModel.swift in Sources */,
				85EC409A2A9A1FC900BD6C59 /* SHSettingsViewController.swift in Sources */,
				853EFAB52AAAC70F00F5DF86 /* SHEpisodeDetailViewViewModel.swift in Sources */,
				853EFAAD2AA580D900F5DF86 /* SHCharacterInfoCollectionViewCellViewModel.swift in Sources */,
				851C5D7B2AEA11D70081925C /* SHSearchViewViewModel.swift in Sources */,
				853EFAC52AAC20FD00F5DF86 /* SHGetAllEpisodesResponse.swift in Sources */,
				853EFAC72AAC365D00F5DF86 /* SHSearchViewController.swift in Sources */,
				85EC40A22A9B10F500BD6C59 /* SHOrigin.swift in Sources */,
				851C5D642AE52C1C0081925C /* SHLocationView.swift in Sources */,
				85EC40BD2AA18E5D00BD6C59 /* SHFooterLoadingCollectionReusableView.swift in Sources */,
				853EFAAB2AA580C900F5DF86 /* SHCharacterPhotoCollectionViewCellViewModel.swift in Sources */,
				853EFABC2AAC187700F5DF86 /* SHEpisodeListView.swift in Sources */,
				851C5D5A2ADE37010081925C /* SHSettingsViewViewModel.swift in Sources */,
				85EC40912A9A1ECB00BD6C59 /* SHEpisode.swift in Sources */,
				851C5D612ADE41300081925C /* SHSettingsView.swift in Sources */,
				85EC409C2A9B086D00BD6C59 /* SHService.swift in Sources */,
				851C5D6B2AE5390D0081925C /* SHLocationTableViewCell.swift in Sources */,
				85EC40B02A9C4F2800BD6C59 /* Extensions.swift in Sources */,
				85EC40A02A9B09BA00BD6C59 /* SHEndpoint.swift in Sources */,
				85EC40942A9A1FA200BD6C59 /* SHLocationsViewController.swift in Sources */,
				85EC40B42A9D9BD900BD6C59 /* SHCharacterCollectionViewCellViewModel.swift in Sources */,
				851C5D7D2AEA14920081925C /* SHNoSearchResultsView.swift in Sources */,
				85EC408D2A9A1EAF00BD6C59 /* SHLocation.swift in Sources */,
				851C5D6F2AE54E5C0081925C /* SHLocationDetailViewController.swift in Sources */,
				85EC40B22A9D9A2400BD6C59 /* SHCharacterCollectionViewCell.swift in Sources */,
				851C5D812AEA15840081925C /* SHSearchInputView.swift in Sources */,
				853EFAB12AA979F400F5DF86 /* SHEpisodeDetailViewController.swift in Sources */,
				851C5D6D2AE53A340081925C /* SHLocationTableViewCellViewModel.swift in Sources */,
				85EC40A62A9B189E00BD6C59 /* SHCharacterGender.swift in Sources */,
				853EFAA52AA5801600F5DF86 /* SHCharacterInfoCollectionViewCell.swift in Sources */,
				853EFAAF2AA580EE00F5DF86 /* SHCharacterEpisodeCollectionViewCellViewModel.swift in Sources */,
			);
			runOnlyForDeploymentPostprocessing = 0;
		};
/* End PBXSourcesBuildPhase section */

/* Begin PBXVariantGroup section */
		85EC407C2A9A1C7C00BD6C59 /* LaunchScreen.storyboard */ = {
			isa = PBXVariantGroup;
			children = (
				85EC407D2A9A1C7C00BD6C59 /* Base */,
			);
			name = LaunchScreen.storyboard;
			sourceTree = "<group>";
		};
/* End PBXVariantGroup section */

/* Begin XCBuildConfiguration section */
		85EC40802A9A1C7C00BD6C59 /* Debug */ = {
			isa = XCBuildConfiguration;
			buildSettings = {
				ALWAYS_SEARCH_USER_PATHS = NO;
				CLANG_ANALYZER_NONNULL = YES;
				CLANG_ANALYZER_NUMBER_OBJECT_CONVERSION = YES_AGGRESSIVE;
				CLANG_CXX_LANGUAGE_STANDARD = "gnu++20";
				CLANG_ENABLE_MODULES = YES;
				CLANG_ENABLE_OBJC_ARC = YES;
				CLANG_ENABLE_OBJC_WEAK = YES;
				CLANG_WARN_BLOCK_CAPTURE_AUTORELEASING = YES;
				CLANG_WARN_BOOL_CONVERSION = YES;
				CLANG_WARN_COMMA = YES;
				CLANG_WARN_CONSTANT_CONVERSION = YES;
				CLANG_WARN_DEPRECATED_OBJC_IMPLEMENTATIONS = YES;
				CLANG_WARN_DIRECT_OBJC_ISA_USAGE = YES_ERROR;
				CLANG_WARN_DOCUMENTATION_COMMENTS = YES;
				CLANG_WARN_EMPTY_BODY = YES;
				CLANG_WARN_ENUM_CONVERSION = YES;
				CLANG_WARN_INFINITE_RECURSION = YES;
				CLANG_WARN_INT_CONVERSION = YES;
				CLANG_WARN_NON_LITERAL_NULL_CONVERSION = YES;
				CLANG_WARN_OBJC_IMPLICIT_RETAIN_SELF = YES;
				CLANG_WARN_OBJC_LITERAL_CONVERSION = YES;
				CLANG_WARN_OBJC_ROOT_CLASS = YES_ERROR;
				CLANG_WARN_QUOTED_INCLUDE_IN_FRAMEWORK_HEADER = YES;
				CLANG_WARN_RANGE_LOOP_ANALYSIS = YES;
				CLANG_WARN_STRICT_PROTOTYPES = YES;
				CLANG_WARN_SUSPICIOUS_MOVE = YES;
				CLANG_WARN_UNGUARDED_AVAILABILITY = YES_AGGRESSIVE;
				CLANG_WARN_UNREACHABLE_CODE = YES;
				CLANG_WARN__DUPLICATE_METHOD_MATCH = YES;
				COPY_PHASE_STRIP = NO;
				DEBUG_INFORMATION_FORMAT = dwarf;
				ENABLE_STRICT_OBJC_MSGSEND = YES;
				ENABLE_TESTABILITY = YES;
				GCC_C_LANGUAGE_STANDARD = gnu11;
				GCC_DYNAMIC_NO_PIC = NO;
				GCC_NO_COMMON_BLOCKS = YES;
				GCC_OPTIMIZATION_LEVEL = 0;
				GCC_PREPROCESSOR_DEFINITIONS = (
					"DEBUG=1",
					"$(inherited)",
				);
				GCC_WARN_64_TO_32_BIT_CONVERSION = YES;
				GCC_WARN_ABOUT_RETURN_TYPE = YES_ERROR;
				GCC_WARN_UNDECLARED_SELECTOR = YES;
				GCC_WARN_UNINITIALIZED_AUTOS = YES_AGGRESSIVE;
				GCC_WARN_UNUSED_FUNCTION = YES;
				GCC_WARN_UNUSED_VARIABLE = YES;
				IPHONEOS_DEPLOYMENT_TARGET = 16.4;
				MTL_ENABLE_DEBUG_INFO = INCLUDE_SOURCE;
				MTL_FAST_MATH = YES;
				ONLY_ACTIVE_ARCH = YES;
				SDKROOT = iphoneos;
				SWIFT_ACTIVE_COMPILATION_CONDITIONS = DEBUG;
				SWIFT_OPTIMIZATION_LEVEL = "-Onone";
			};
			name = Debug;
		};
		85EC40812A9A1C7C00BD6C59 /* Release */ = {
			isa = XCBuildConfiguration;
			buildSettings = {
				ALWAYS_SEARCH_USER_PATHS = NO;
				CLANG_ANALYZER_NONNULL = YES;
				CLANG_ANALYZER_NUMBER_OBJECT_CONVERSION = YES_AGGRESSIVE;
				CLANG_CXX_LANGUAGE_STANDARD = "gnu++20";
				CLANG_ENABLE_MODULES = YES;
				CLANG_ENABLE_OBJC_ARC = YES;
				CLANG_ENABLE_OBJC_WEAK = YES;
				CLANG_WARN_BLOCK_CAPTURE_AUTORELEASING = YES;
				CLANG_WARN_BOOL_CONVERSION = YES;
				CLANG_WARN_COMMA = YES;
				CLANG_WARN_CONSTANT_CONVERSION = YES;
				CLANG_WARN_DEPRECATED_OBJC_IMPLEMENTATIONS = YES;
				CLANG_WARN_DIRECT_OBJC_ISA_USAGE = YES_ERROR;
				CLANG_WARN_DOCUMENTATION_COMMENTS = YES;
				CLANG_WARN_EMPTY_BODY = YES;
				CLANG_WARN_ENUM_CONVERSION = YES;
				CLANG_WARN_INFINITE_RECURSION = YES;
				CLANG_WARN_INT_CONVERSION = YES;
				CLANG_WARN_NON_LITERAL_NULL_CONVERSION = YES;
				CLANG_WARN_OBJC_IMPLICIT_RETAIN_SELF = YES;
				CLANG_WARN_OBJC_LITERAL_CONVERSION = YES;
				CLANG_WARN_OBJC_ROOT_CLASS = YES_ERROR;
				CLANG_WARN_QUOTED_INCLUDE_IN_FRAMEWORK_HEADER = YES;
				CLANG_WARN_RANGE_LOOP_ANALYSIS = YES;
				CLANG_WARN_STRICT_PROTOTYPES = YES;
				CLANG_WARN_SUSPICIOUS_MOVE = YES;
				CLANG_WARN_UNGUARDED_AVAILABILITY = YES_AGGRESSIVE;
				CLANG_WARN_UNREACHABLE_CODE = YES;
				CLANG_WARN__DUPLICATE_METHOD_MATCH = YES;
				COPY_PHASE_STRIP = NO;
				DEBUG_INFORMATION_FORMAT = "dwarf-with-dsym";
				ENABLE_NS_ASSERTIONS = NO;
				ENABLE_STRICT_OBJC_MSGSEND = YES;
				GCC_C_LANGUAGE_STANDARD = gnu11;
				GCC_NO_COMMON_BLOCKS = YES;
				GCC_WARN_64_TO_32_BIT_CONVERSION = YES;
				GCC_WARN_ABOUT_RETURN_TYPE = YES_ERROR;
				GCC_WARN_UNDECLARED_SELECTOR = YES;
				GCC_WARN_UNINITIALIZED_AUTOS = YES_AGGRESSIVE;
				GCC_WARN_UNUSED_FUNCTION = YES;
				GCC_WARN_UNUSED_VARIABLE = YES;
				IPHONEOS_DEPLOYMENT_TARGET = 16.4;
				MTL_ENABLE_DEBUG_INFO = NO;
				MTL_FAST_MATH = YES;
				SDKROOT = iphoneos;
				SWIFT_COMPILATION_MODE = wholemodule;
				SWIFT_OPTIMIZATION_LEVEL = "-O";
				VALIDATE_PRODUCT = YES;
			};
			name = Release;
		};
		85EC40832A9A1C7C00BD6C59 /* Debug */ = {
			isa = XCBuildConfiguration;
			buildSettings = {
				ASSETCATALOG_COMPILER_APPICON_NAME = AppIcon;
				ASSETCATALOG_COMPILER_GLOBAL_ACCENT_COLOR_NAME = AccentColor;
				CODE_SIGN_STYLE = Automatic;
				CURRENT_PROJECT_VERSION = 1;
				DEVELOPMENT_TEAM = B664XJ63UA;
				GENERATE_INFOPLIST_FILE = YES;
				INFOPLIST_FILE = TVShowApp/Info.plist;
				INFOPLIST_KEY_CFBundleDisplayName = "Rick & Morty";
				INFOPLIST_KEY_LSApplicationCategoryType = "public.app-category.education";
				INFOPLIST_KEY_UIApplicationSupportsIndirectInputEvents = YES;
				INFOPLIST_KEY_UILaunchStoryboardName = LaunchScreen;
				INFOPLIST_KEY_UISupportedInterfaceOrientations_iPad = "UIInterfaceOrientationPortrait UIInterfaceOrientationPortraitUpsideDown UIInterfaceOrientationLandscapeLeft UIInterfaceOrientationLandscapeRight";
				INFOPLIST_KEY_UISupportedInterfaceOrientations_iPhone = "UIInterfaceOrientationPortrait UIInterfaceOrientationLandscapeLeft UIInterfaceOrientationLandscapeRight";
				LD_RUNPATH_SEARCH_PATHS = (
					"$(inherited)",
					"@executable_path/Frameworks",
				);
				MARKETING_VERSION = 1.0;
				PRODUCT_BUNDLE_IDENTIFIER = ru.ya.ariweb.TVShowApp;
				PRODUCT_NAME = "$(TARGET_NAME)";
				SWIFT_EMIT_LOC_STRINGS = YES;
				SWIFT_VERSION = 5.0;
				TARGETED_DEVICE_FAMILY = "1,2";
			};
			name = Debug;
		};
		85EC40842A9A1C7C00BD6C59 /* Release */ = {
			isa = XCBuildConfiguration;
			buildSettings = {
				ASSETCATALOG_COMPILER_APPICON_NAME = AppIcon;
				ASSETCATALOG_COMPILER_GLOBAL_ACCENT_COLOR_NAME = AccentColor;
				CODE_SIGN_STYLE = Automatic;
				CURRENT_PROJECT_VERSION = 1;
				DEVELOPMENT_TEAM = B664XJ63UA;
				GENERATE_INFOPLIST_FILE = YES;
				INFOPLIST_FILE = TVShowApp/Info.plist;
				INFOPLIST_KEY_CFBundleDisplayName = "Rick & Morty";
				INFOPLIST_KEY_LSApplicationCategoryType = "public.app-category.education";
				INFOPLIST_KEY_UIApplicationSupportsIndirectInputEvents = YES;
				INFOPLIST_KEY_UILaunchStoryboardName = LaunchScreen;
				INFOPLIST_KEY_UISupportedInterfaceOrientations_iPad = "UIInterfaceOrientationPortrait UIInterfaceOrientationPortraitUpsideDown UIInterfaceOrientationLandscapeLeft UIInterfaceOrientationLandscapeRight";
				INFOPLIST_KEY_UISupportedInterfaceOrientations_iPhone = "UIInterfaceOrientationPortrait UIInterfaceOrientationLandscapeLeft UIInterfaceOrientationLandscapeRight";
				LD_RUNPATH_SEARCH_PATHS = (
					"$(inherited)",
					"@executable_path/Frameworks",
				);
				MARKETING_VERSION = 1.0;
				PRODUCT_BUNDLE_IDENTIFIER = ru.ya.ariweb.TVShowApp;
				PRODUCT_NAME = "$(TARGET_NAME)";
				SWIFT_EMIT_LOC_STRINGS = YES;
				SWIFT_VERSION = 5.0;
				TARGETED_DEVICE_FAMILY = "1,2";
			};
			name = Release;
		};
/* End XCBuildConfiguration section */

/* Begin XCConfigurationList section */
		85EC40692A9A1C7A00BD6C59 /* Build configuration list for PBXProject "TVShowApp" */ = {
			isa = XCConfigurationList;
			buildConfigurations = (
				85EC40802A9A1C7C00BD6C59 /* Debug */,
				85EC40812A9A1C7C00BD6C59 /* Release */,
			);
			defaultConfigurationIsVisible = 0;
			defaultConfigurationName = Release;
		};
		85EC40822A9A1C7C00BD6C59 /* Build configuration list for PBXNativeTarget "TVShowApp" */ = {
			isa = XCConfigurationList;
			buildConfigurations = (
				85EC40832A9A1C7C00BD6C59 /* Debug */,
				85EC40842A9A1C7C00BD6C59 /* Release */,
			);
			defaultConfigurationIsVisible = 0;
			defaultConfigurationName = Release;
		};
/* End XCConfigurationList section */
	};
	rootObject = 85EC40662A9A1C7A00BD6C59 /* Project object */;
}
