// !$*UTF8*$!
{
	archiveVersion = 1;
	classes = {
	};
	objectVersion = 56;
	objects = {

/* Begin PBXBuildFile section */
		85EC40722A9A1C7A00BD6C59 /* AppDelegate.swift in Sources */ = {isa = PBXBuildFile; fileRef = 85EC40712A9A1C7A00BD6C59 /* AppDelegate.swift */; };
		85EC40742A9A1C7A00BD6C59 /* SceneDelegate.swift in Sources */ = {isa = PBXBuildFile; fileRef = 85EC40732A9A1C7A00BD6C59 /* SceneDelegate.swift */; };
		85EC40762A9A1C7A00BD6C59 /* SHTabBarViewController.swift in Sources */ = {isa = PBXBuildFile; fileRef = 85EC40752A9A1C7A00BD6C59 /* SHTabBarViewController.swift */; };
		85EC407B2A9A1C7C00BD6C59 /* Assets.xcassets in Resources */ = {isa = PBXBuildFile; fileRef = 85EC407A2A9A1C7C00BD6C59 /* Assets.xcassets */; };
		85EC407E2A9A1C7C00BD6C59 /* LaunchScreen.storyboard in Resources */ = {isa = PBXBuildFile; fileRef = 85EC407C2A9A1C7C00BD6C59 /* LaunchScreen.storyboard */; };
		85EC408D2A9A1EAF00BD6C59 /* SHLocation.swift in Sources */ = {isa = PBXBuildFile; fileRef = 85EC408C2A9A1EAF00BD6C59 /* SHLocation.swift */; };
		85EC408F2A9A1EBD00BD6C59 /* SHCharacter.swift in Sources */ = {isa = PBXBuildFile; fileRef = 85EC408E2A9A1EBD00BD6C59 /* SHCharacter.swift */; };
		85EC40912A9A1ECB00BD6C59 /* SHEpisode.swift in Sources */ = {isa = PBXBuildFile; fileRef = 85EC40902A9A1ECB00BD6C59 /* SHEpisode.swift */; };
		85EC40942A9A1FA200BD6C59 /* SHLocationsViewController.swift in Sources */ = {isa = PBXBuildFile; fileRef = 85EC40932A9A1FA200BD6C59 /* SHLocationsViewController.swift */; };
		85EC40962A9A1FB000BD6C59 /* SHCharactersViewController.swift in Sources */ = {isa = PBXBuildFile; fileRef = 85EC40952A9A1FB000BD6C59 /* SHCharactersViewController.swift */; };
		85EC40982A9A1FBC00BD6C59 /* SHEpisodesViewController.swift in Sources */ = {isa = PBXBuildFile; fileRef = 85EC40972A9A1FBC00BD6C59 /* SHEpisodesViewController.swift */; };
		85EC409A2A9A1FC900BD6C59 /* SHSettingsViewController.swift in Sources */ = {isa = PBXBuildFile; fileRef = 85EC40992A9A1FC900BD6C59 /* SHSettingsViewController.swift */; };
/* End PBXBuildFile section */

/* Begin PBXFileReference section */
		85EC406E2A9A1C7A00BD6C59 /* TVShowApp.app */ = {isa = PBXFileReference; explicitFileType = wrapper.application; includeInIndex = 0; path = TVShowApp.app; sourceTree = BUILT_PRODUCTS_DIR; };
		85EC40712A9A1C7A00BD6C59 /* AppDelegate.swift */ = {isa = PBXFileReference; lastKnownFileType = sourcecode.swift; path = AppDelegate.swift; sourceTree = "<group>"; };
		85EC40732A9A1C7A00BD6C59 /* SceneDelegate.swift */ = {isa = PBXFileReference; lastKnownFileType = sourcecode.swift; path = SceneDelegate.swift; sourceTree = "<group>"; };
		85EC40752A9A1C7A00BD6C59 /* SHTabBarViewController.swift */ = {isa = PBXFileReference; lastKnownFileType = sourcecode.swift; path = SHTabBarViewController.swift; sourceTree = "<group>"; };
		85EC407A2A9A1C7C00BD6C59 /* Assets.xcassets */ = {isa = PBXFileReference; lastKnownFileType = folder.assetcatalog; path = Assets.xcassets; sourceTree = "<group>"; };
		85EC407D2A9A1C7C00BD6C59 /* Base */ = {isa = PBXFileReference; lastKnownFileType = file.storyboard; name = Base; path = Base.lproj/LaunchScreen.storyboard; sourceTree = "<group>"; };
		85EC407F2A9A1C7C00BD6C59 /* Info.plist */ = {isa = PBXFileReference; lastKnownFileType = text.plist.xml; path = Info.plist; sourceTree = "<group>"; };
		85EC408C2A9A1EAF00BD6C59 /* SHLocation.swift */ = {isa = PBXFileReference; lastKnownFileType = sourcecode.swift; path = SHLocation.swift; sourceTree = "<group>"; };
		85EC408E2A9A1EBD00BD6C59 /* SHCharacter.swift */ = {isa = PBXFileReference; lastKnownFileType = sourcecode.swift; path = SHCharacter.swift; sourceTree = "<group>"; };
		85EC40902A9A1ECB00BD6C59 /* SHEpisode.swift */ = {isa = PBXFileReference; lastKnownFileType = sourcecode.swift; path = SHEpisode.swift; sourceTree = "<group>"; };
		85EC40932A9A1FA200BD6C59 /* SHLocationsViewController.swift */ = {isa = PBXFileReference; lastKnownFileType = sourcecode.swift; path = SHLocationsViewController.swift; sourceTree = "<group>"; };
		85EC40952A9A1FB000BD6C59 /* SHCharactersViewController.swift */ = {isa = PBXFileReference; lastKnownFileType = sourcecode.swift; path = SHCharactersViewController.swift; sourceTree = "<group>"; };
		85EC40972A9A1FBC00BD6C59 /* SHEpisodesViewController.swift */ = {isa = PBXFileReference; lastKnownFileType = sourcecode.swift; path = SHEpisodesViewController.swift; sourceTree = "<group>"; };
		85EC40992A9A1FC900BD6C59 /* SHSettingsViewController.swift */ = {isa = PBXFileReference; lastKnownFileType = sourcecode.swift; path = SHSettingsViewController.swift; sourceTree = "<group>"; };
/* End PBXFileReference section */

/* Begin PBXFrameworksBuildPhase section */
		85EC406B2A9A1C7A00BD6C59 /* Frameworks */ = {
			isa = PBXFrameworksBuildPhase;
			buildActionMask = 2147483647;
			files = (
			);
			runOnlyForDeploymentPostprocessing = 0;
		};
/* End PBXFrameworksBuildPhase section */

/* Begin PBXGroup section */
		85EC40652A9A1C7A00BD6C59 = {
			isa = PBXGroup;
			children = (
				85EC40702A9A1C7A00BD6C59 /* TVShowApp */,
				85EC406F2A9A1C7A00BD6C59 /* Products */,
			);
			sourceTree = "<group>";
		};
		85EC406F2A9A1C7A00BD6C59 /* Products */ = {
			isa = PBXGroup;
			children = (
				85EC406E2A9A1C7A00BD6C59 /* TVShowApp.app */,
			);
			name = Products;
			sourceTree = "<group>";
		};
		85EC40702A9A1C7A00BD6C59 /* TVShowApp */ = {
			isa = PBXGroup;
			children = (
				85EC408B2A9A1DA800BD6C59 /* Resources */,
				85EC408A2A9A1D9D00BD6C59 /* Managers */,
				85EC40892A9A1D8D00BD6C59 /* APIClient */,
				85EC40882A9A1D7D00BD6C59 /* ViewModels */,
				85EC40872A9A1D7400BD6C59 /* Views */,
				85EC40862A9A1D6800BD6C59 /* Models */,
				85EC40852A9A1D5B00BD6C59 /* Controllers */,
				85EC407F2A9A1C7C00BD6C59 /* Info.plist */,
			);
			path = TVShowApp;
			sourceTree = "<group>";
		};
		85EC40852A9A1D5B00BD6C59 /* Controllers */ = {
			isa = PBXGroup;
			children = (
				85EC40922A9A1F8400BD6C59 /* Core */,
			);
			path = Controllers;
			sourceTree = "<group>";
		};
		85EC40862A9A1D6800BD6C59 /* Models */ = {
			isa = PBXGroup;
			children = (
				85EC408C2A9A1EAF00BD6C59 /* SHLocation.swift */,
				85EC408E2A9A1EBD00BD6C59 /* SHCharacter.swift */,
				85EC40902A9A1ECB00BD6C59 /* SHEpisode.swift */,
			);
			path = Models;
			sourceTree = "<group>";
		};
		85EC40872A9A1D7400BD6C59 /* Views */ = {
			isa = PBXGroup;
			children = (
			);
			path = Views;
			sourceTree = "<group>";
		};
		85EC40882A9A1D7D00BD6C59 /* ViewModels */ = {
			isa = PBXGroup;
			children = (
			);
			path = ViewModels;
			sourceTree = "<group>";
		};
		85EC40892A9A1D8D00BD6C59 /* APIClient */ = {
			isa = PBXGroup;
			children = (
			);
			path = APIClient;
			sourceTree = "<group>";
		};
		85EC408A2A9A1D9D00BD6C59 /* Managers */ = {
			isa = PBXGroup;
			children = (
			);
			path = Managers;
			sourceTree = "<group>";
		};
		85EC408B2A9A1DA800BD6C59 /* Resources */ = {
			isa = PBXGroup;
			children = (
				85EC40712A9A1C7A00BD6C59 /* AppDelegate.swift */,
				85EC40732A9A1C7A00BD6C59 /* SceneDelegate.swift */,
				85EC407A2A9A1C7C00BD6C59 /* Assets.xcassets */,
				85EC407C2A9A1C7C00BD6C59 /* LaunchScreen.storyboard */,
			);
			path = Resources;
			sourceTree = "<group>";
		};
		85EC40922A9A1F8400BD6C59 /* Core */ = {
			isa = PBXGroup;
			children = (
				85EC40752A9A1C7A00BD6C59 /* SHTabBarViewController.swift */,
				85EC40932A9A1FA200BD6C59 /* SHLocationsViewController.swift */,
				85EC40952A9A1FB000BD6C59 /* SHCharactersViewController.swift */,
				85EC40972A9A1FBC00BD6C59 /* SHEpisodesViewController.swift */,
				85EC40992A9A1FC900BD6C59 /* SHSettingsViewController.swift */,
			);
			path = Core;
			sourceTree = "<group>";
		};
/* End PBXGroup section */

/* Begin PBXNativeTarget section */
		85EC406D2A9A1C7A00BD6C59 /* TVShowApp */ = {
			isa = PBXNativeTarget;
			buildConfigurationList = 85EC40822A9A1C7C00BD6C59 /* Build configuration list for PBXNativeTarget "TVShowApp" */;
			buildPhases = (
				85EC406A2A9A1C7A00BD6C59 /* Sources */,
				85EC406B2A9A1C7A00BD6C59 /* Frameworks */,
				85EC406C2A9A1C7A00BD6C59 /* Resources */,
			);
			buildRules = (
			);
			dependencies = (
			);
			name = TVShowApp;
			productName = TVShowApp;
			productReference = 85EC406E2A9A1C7A00BD6C59 /* TVShowApp.app */;
			productType = "com.apple.product-type.application";
		};
/* End PBXNativeTarget section */

/* Begin PBXProject section */
		85EC40662A9A1C7A00BD6C59 /* Project object */ = {
			isa = PBXProject;
			attributes = {
				BuildIndependentTargetsInParallel = 1;
				LastSwiftUpdateCheck = 1430;
				LastUpgradeCheck = 1430;
				TargetAttributes = {
					85EC406D2A9A1C7A00BD6C59 = {
						CreatedOnToolsVersion = 14.3.1;
					};
				};
			};
			buildConfigurationList = 85EC40692A9A1C7A00BD6C59 /* Build configuration list for PBXProject "TVShowApp" */;
			compatibilityVersion = "Xcode 14.0";
			developmentRegion = en;
			hasScannedForEncodings = 0;
			knownRegions = (
				en,
				Base,
			);
			mainGroup = 85EC40652A9A1C7A00BD6C59;
			productRefGroup = 85EC406F2A9A1C7A00BD6C59 /* Products */;
			projectDirPath = "";
			projectRoot = "";
			targets = (
				85EC406D2A9A1C7A00BD6C59 /* TVShowApp */,
			);
		};
/* End PBXProject section */

/* Begin PBXResourcesBuildPhase section */
		85EC406C2A9A1C7A00BD6C59 /* Resources */ = {
			isa = PBXResourcesBuildPhase;
			buildActionMask = 2147483647;
			files = (
				85EC407E2A9A1C7C00BD6C59 /* LaunchScreen.storyboard in Resources */,
				85EC407B2A9A1C7C00BD6C59 /* Assets.xcassets in Resources */,
			);
			runOnlyForDeploymentPostprocessing = 0;
		};
/* End PBXResourcesBuildPhase section */

/* Begin PBXSourcesBuildPhase section */
		85EC406A2A9A1C7A00BD6C59 /* Sources */ = {
			isa = PBXSourcesBuildPhase;
			buildActionMask = 2147483647;
			files = (
				85EC40762A9A1C7A00BD6C59 /* SHTabBarViewController.swift in Sources */,
				85EC40962A9A1FB000BD6C59 /* SHCharactersViewController.swift in Sources */,
				85EC40722A9A1C7A00BD6C59 /* AppDelegate.swift in Sources */,
				85EC40982A9A1FBC00BD6C59 /* SHEpisodesViewController.swift in Sources */,
				85EC40742A9A1C7A00BD6C59 /* SceneDelegate.swift in Sources */,
				85EC408F2A9A1EBD00BD6C59 /* SHCharacter.swift in Sources */,
				85EC409A2A9A1FC900BD6C59 /* SHSettingsViewController.swift in Sources */,
				85EC40912A9A1ECB00BD6C59 /* SHEpisode.swift in Sources */,
				85EC40942A9A1FA200BD6C59 /* SHLocationsViewController.swift in Sources */,
				85EC408D2A9A1EAF00BD6C59 /* SHLocation.swift in Sources */,
			);
			runOnlyForDeploymentPostprocessing = 0;
		};
/* End PBXSourcesBuildPhase section */

/* Begin PBXVariantGroup section */
		85EC407C2A9A1C7C00BD6C59 /* LaunchScreen.storyboard */ = {
			isa = PBXVariantGroup;
			children = (
				85EC407D2A9A1C7C00BD6C59 /* Base */,
			);
			name = LaunchScreen.storyboard;
			sourceTree = "<group>";
		};
/* End PBXVariantGroup section */

/* Begin XCBuildConfiguration section */
		85EC40802A9A1C7C00BD6C59 /* Debug */ = {
			isa = XCBuildConfiguration;
			buildSettings = {
				ALWAYS_SEARCH_USER_PATHS = NO;
				CLANG_ANALYZER_NONNULL = YES;
				CLANG_ANALYZER_NUMBER_OBJECT_CONVERSION = YES_AGGRESSIVE;
				CLANG_CXX_LANGUAGE_STANDARD = "gnu++20";
				CLANG_ENABLE_MODULES = YES;
				CLANG_ENABLE_OBJC_ARC = YES;
				CLANG_ENABLE_OBJC_WEAK = YES;
				CLANG_WARN_BLOCK_CAPTURE_AUTORELEASING = YES;
				CLANG_WARN_BOOL_CONVERSION = YES;
				CLANG_WARN_COMMA = YES;
				CLANG_WARN_CONSTANT_CONVERSION = YES;
				CLANG_WARN_DEPRECATED_OBJC_IMPLEMENTATIONS = YES;
				CLANG_WARN_DIRECT_OBJC_ISA_USAGE = YES_ERROR;
				CLANG_WARN_DOCUMENTATION_COMMENTS = YES;
				CLANG_WARN_EMPTY_BODY = YES;
				CLANG_WARN_ENUM_CONVERSION = YES;
				CLANG_WARN_INFINITE_RECURSION = YES;
				CLANG_WARN_INT_CONVERSION = YES;
				CLANG_WARN_NON_LITERAL_NULL_CONVERSION = YES;
				CLANG_WARN_OBJC_IMPLICIT_RETAIN_SELF = YES;
				CLANG_WARN_OBJC_LITERAL_CONVERSION = YES;
				CLANG_WARN_OBJC_ROOT_CLASS = YES_ERROR;
				CLANG_WARN_QUOTED_INCLUDE_IN_FRAMEWORK_HEADER = YES;
				CLANG_WARN_RANGE_LOOP_ANALYSIS = YES;
				CLANG_WARN_STRICT_PROTOTYPES = YES;
				CLANG_WARN_SUSPICIOUS_MOVE = YES;
				CLANG_WARN_UNGUARDED_AVAILABILITY = YES_AGGRESSIVE;
				CLANG_WARN_UNREACHABLE_CODE = YES;
				CLANG_WARN__DUPLICATE_METHOD_MATCH = YES;
				COPY_PHASE_STRIP = NO;
				DEBUG_INFORMATION_FORMAT = dwarf;
				ENABLE_STRICT_OBJC_MSGSEND = YES;
				ENABLE_TESTABILITY = YES;
				GCC_C_LANGUAGE_STANDARD = gnu11;
				GCC_DYNAMIC_NO_PIC = NO;
				GCC_NO_COMMON_BLOCKS = YES;
				GCC_OPTIMIZATION_LEVEL = 0;
				GCC_PREPROCESSOR_DEFINITIONS = (
					"DEBUG=1",
					"$(inherited)",
				);
				GCC_WARN_64_TO_32_BIT_CONVERSION = YES;
				GCC_WARN_ABOUT_RETURN_TYPE = YES_ERROR;
				GCC_WARN_UNDECLARED_SELECTOR = YES;
				GCC_WARN_UNINITIALIZED_AUTOS = YES_AGGRESSIVE;
				GCC_WARN_UNUSED_FUNCTION = YES;
				GCC_WARN_UNUSED_VARIABLE = YES;
				IPHONEOS_DEPLOYMENT_TARGET = 16.4;
				MTL_ENABLE_DEBUG_INFO = INCLUDE_SOURCE;
				MTL_FAST_MATH = YES;
				ONLY_ACTIVE_ARCH = YES;
				SDKROOT = iphoneos;
				SWIFT_ACTIVE_COMPILATION_CONDITIONS = DEBUG;
				SWIFT_OPTIMIZATION_LEVEL = "-Onone";
			};
			name = Debug;
		};
		85EC40812A9A1C7C00BD6C59 /* Release */ = {
			isa = XCBuildConfiguration;
			buildSettings = {
				ALWAYS_SEARCH_USER_PATHS = NO;
				CLANG_ANALYZER_NONNULL = YES;
				CLANG_ANALYZER_NUMBER_OBJECT_CONVERSION = YES_AGGRESSIVE;
				CLANG_CXX_LANGUAGE_STANDARD = "gnu++20";
				CLANG_ENABLE_MODULES = YES;
				CLANG_ENABLE_OBJC_ARC = YES;
				CLANG_ENABLE_OBJC_WEAK = YES;
				CLANG_WARN_BLOCK_CAPTURE_AUTORELEASING = YES;
				CLANG_WARN_BOOL_CONVERSION = YES;
				CLANG_WARN_COMMA = YES;
				CLANG_WARN_CONSTANT_CONVERSION = YES;
				CLANG_WARN_DEPRECATED_OBJC_IMPLEMENTATIONS = YES;
				CLANG_WARN_DIRECT_OBJC_ISA_USAGE = YES_ERROR;
				CLANG_WARN_DOCUMENTATION_COMMENTS = YES;
				CLANG_WARN_EMPTY_BODY = YES;
				CLANG_WARN_ENUM_CONVERSION = YES;
				CLANG_WARN_INFINITE_RECURSION = YES;
				CLANG_WARN_INT_CONVERSION = YES;
				CLANG_WARN_NON_LITERAL_NULL_CONVERSION = YES;
				CLANG_WARN_OBJC_IMPLICIT_RETAIN_SELF = YES;
				CLANG_WARN_OBJC_LITERAL_CONVERSION = YES;
				CLANG_WARN_OBJC_ROOT_CLASS = YES_ERROR;
				CLANG_WARN_QUOTED_INCLUDE_IN_FRAMEWORK_HEADER = YES;
				CLANG_WARN_RANGE_LOOP_ANALYSIS = YES;
				CLANG_WARN_STRICT_PROTOTYPES = YES;
				CLANG_WARN_SUSPICIOUS_MOVE = YES;
				CLANG_WARN_UNGUARDED_AVAILABILITY = YES_AGGRESSIVE;
				CLANG_WARN_UNREACHABLE_CODE = YES;
				CLANG_WARN__DUPLICATE_METHOD_MATCH = YES;
				COPY_PHASE_STRIP = NO;
				DEBUG_INFORMATION_FORMAT = "dwarf-with-dsym";
				ENABLE_NS_ASSERTIONS = NO;
				ENABLE_STRICT_OBJC_MSGSEND = YES;
				GCC_C_LANGUAGE_STANDARD = gnu11;
				GCC_NO_COMMON_BLOCKS = YES;
				GCC_WARN_64_TO_32_BIT_CONVERSION = YES;
				GCC_WARN_ABOUT_RETURN_TYPE = YES_ERROR;
				GCC_WARN_UNDECLARED_SELECTOR = YES;
				GCC_WARN_UNINITIALIZED_AUTOS = YES_AGGRESSIVE;
				GCC_WARN_UNUSED_FUNCTION = YES;
				GCC_WARN_UNUSED_VARIABLE = YES;
				IPHONEOS_DEPLOYMENT_TARGET = 16.4;
				MTL_ENABLE_DEBUG_INFO = NO;
				MTL_FAST_MATH = YES;
				SDKROOT = iphoneos;
				SWIFT_COMPILATION_MODE = wholemodule;
				SWIFT_OPTIMIZATION_LEVEL = "-O";
				VALIDATE_PRODUCT = YES;
			};
			name = Release;
		};
		85EC40832A9A1C7C00BD6C59 /* Debug */ = {
			isa = XCBuildConfiguration;
			buildSettings = {
				ASSETCATALOG_COMPILER_APPICON_NAME = AppIcon;
				ASSETCATALOG_COMPILER_GLOBAL_ACCENT_COLOR_NAME = AccentColor;
				CODE_SIGN_STYLE = Automatic;
				CURRENT_PROJECT_VERSION = 1;
				DEVELOPMENT_TEAM = B664XJ63UA;
				GENERATE_INFOPLIST_FILE = YES;
				INFOPLIST_FILE = TVShowApp/Info.plist;
				INFOPLIST_KEY_UIApplicationSupportsIndirectInputEvents = YES;
				INFOPLIST_KEY_UILaunchStoryboardName = LaunchScreen;
				INFOPLIST_KEY_UISupportedInterfaceOrientations_iPad = "UIInterfaceOrientationPortrait UIInterfaceOrientationPortraitUpsideDown UIInterfaceOrientationLandscapeLeft UIInterfaceOrientationLandscapeRight";
				INFOPLIST_KEY_UISupportedInterfaceOrientations_iPhone = "UIInterfaceOrientationPortrait UIInterfaceOrientationLandscapeLeft UIInterfaceOrientationLandscapeRight";
				LD_RUNPATH_SEARCH_PATHS = (
					"$(inherited)",
					"@executable_path/Frameworks",
				);
				MARKETING_VERSION = 1.0;
				PRODUCT_BUNDLE_IDENTIFIER = ru.ya.ariweb.TVShowApp;
				PRODUCT_NAME = "$(TARGET_NAME)";
				SWIFT_EMIT_LOC_STRINGS = YES;
				SWIFT_VERSION = 5.0;
				TARGETED_DEVICE_FAMILY = "1,2";
			};
			name = Debug;
		};
		85EC40842A9A1C7C00BD6C59 /* Release */ = {
			isa = XCBuildConfiguration;
			buildSettings = {
				ASSETCATALOG_COMPILER_APPICON_NAME = AppIcon;
				ASSETCATALOG_COMPILER_GLOBAL_ACCENT_COLOR_NAME = AccentColor;
				CODE_SIGN_STYLE = Automatic;
				CURRENT_PROJECT_VERSION = 1;
				DEVELOPMENT_TEAM = B664XJ63UA;
				GENERATE_INFOPLIST_FILE = YES;
				INFOPLIST_FILE = TVShowApp/Info.plist;
				INFOPLIST_KEY_UIApplicationSupportsIndirectInputEvents = YES;
				INFOPLIST_KEY_UILaunchStoryboardName = LaunchScreen;
				INFOPLIST_KEY_UISupportedInterfaceOrientations_iPad = "UIInterfaceOrientationPortrait UIInterfaceOrientationPortraitUpsideDown UIInterfaceOrientationLandscapeLeft UIInterfaceOrientationLandscapeRight";
				INFOPLIST_KEY_UISupportedInterfaceOrientations_iPhone = "UIInterfaceOrientationPortrait UIInterfaceOrientationLandscapeLeft UIInterfaceOrientationLandscapeRight";
				LD_RUNPATH_SEARCH_PATHS = (
					"$(inherited)",
					"@executable_path/Frameworks",
				);
				MARKETING_VERSION = 1.0;
				PRODUCT_BUNDLE_IDENTIFIER = ru.ya.ariweb.TVShowApp;
				PRODUCT_NAME = "$(TARGET_NAME)";
				SWIFT_EMIT_LOC_STRINGS = YES;
				SWIFT_VERSION = 5.0;
				TARGETED_DEVICE_FAMILY = "1,2";
			};
			name = Release;
		};
/* End XCBuildConfiguration section */

/* Begin XCConfigurationList section */
		85EC40692A9A1C7A00BD6C59 /* Build configuration list for PBXProject "TVShowApp" */ = {
			isa = XCConfigurationList;
			buildConfigurations = (
				85EC40802A9A1C7C00BD6C59 /* Debug */,
				85EC40812A9A1C7C00BD6C59 /* Release */,
			);
			defaultConfigurationIsVisible = 0;
			defaultConfigurationName = Release;
		};
		85EC40822A9A1C7C00BD6C59 /* Build configuration list for PBXNativeTarget "TVShowApp" */ = {
			isa = XCConfigurationList;
			buildConfigurations = (
				85EC40832A9A1C7C00BD6C59 /* Debug */,
				85EC40842A9A1C7C00BD6C59 /* Release */,
			);
			defaultConfigurationIsVisible = 0;
			defaultConfigurationName = Release;
		};
/* End XCConfigurationList section */
	};
	rootObject = 85EC40662A9A1C7A00BD6C59 /* Project object */;
}
